
Microsoft Visual Studio Solution File, Format Version 12.00
# Visual Studio 2017
Project("{FAE04EC0-301F-11D3-BF4B-00C04F79EFBC}") = "BoxScene", "BoxScene.csproj", "{9EEF06DF-399E-403E-2A85-E9CA1D933749}"
EndProject
Project("{FAE04EC0-301F-11D3-BF4B-00C04F79EFBC}") = "BoxScene.Editor", "BoxScene.Editor.csproj", "{3FF9862C-18CE-BC9B-4692-88EF198FAAC0}"
EndProject
Global
	GlobalSection(SolutionConfigurationPlatforms) = preSolution
		Debug|Any CPU = Debug|Any CPU
		Release|Any CPU = Release|Any CPU
	EndGlobalSection
	GlobalSection(ProjectConfigurationPlatforms) = postSolution
		{9EEF06DF-399E-403E-2A85-E9CA1D933749}.Debug|Any CPU.ActiveCfg = Debug|Any CPU
		{9EEF06DF-399E-403E-2A85-E9CA1D933749}.Debug|Any CPU.Build.0 = Debug|Any CPU
		{9EEF06DF-399E-403E-2A85-E9CA1D933749}.Release|Any CPU.ActiveCfg = Release|Any CPU
		{9EEF06DF-399E-403E-2A85-E9CA1D933749}.Release|Any CPU.Build.0 = Release|Any CPU
		{3FF9862C-18CE-BC9B-4692-88EF198FAAC0}.Debug|Any CPU.ActiveCfg = Debug|Any CPU
		{3FF9862C-18CE-BC9B-4692-88EF198FAAC0}.Debug|Any CPU.Build.0 = Debug|Any CPU
		{3FF9862C-18CE-BC9B-4692-88EF198FAAC0}.Release|Any CPU.ActiveCfg = Release|Any CPU
		{3FF9862C-18CE-BC9B-4692-88EF198FAAC0}.Release|Any CPU.Build.0 = Release|Any CPU
	EndGlobalSection
	GlobalSection(SolutionProperties) = preSolution
		HideSolutionNode = FALSE
	EndGlobalSection
EndGlobal
